github.com/fadhilahm/nummaniptwo v1.0.0 h1:iHcFHnucQdIRKYcjUTYM2dk7zV3FWuiN4vMAaOz8klw=
github.com/fadhilahm/nummaniptwo v1.0.0/go.mod h1:qNqPAtcI2r2pbWJrgffNSWUo1c5/GnZYYI2QGNCfedg=
github.com/fadhilahm/nummaniptwo v1.0.1 h1:II3IUPEdfljOWU0dO9smTLuQW6103jn4C1jhS/4K76A=
github.com/fadhilahm/nummaniptwo v1.0.1/go.mod h1:qNqPAtcI2r2pbWJrgffNSWUo1c5/GnZYYI2QGNCfedg=
github.com/fadhilahm/nummaniptwo/v2 v2.0.1 h1:HFaOlDksALfrezCNF7rzVGRYreudWoiK3Cehn6TCjIY=
github.com/fadhilahm/nummaniptwo/v2 v2.0.1/go.mod h1:NZZ6OmqDsMrcNigFqSIVAvVThHCjld7aMMckRzADU0U=
